
Microsoft Visual Studio Solution File, Format Version 12.00
# Visual Studio 14
VisualStudioVersion = 14.0.25420.1
MinimumVisualStudioVersion = 10.0.40219.1
Project("{FAE04EC0-301F-11D3-BF4B-00C04F79EFBC}") = "MvxItemBinder", "MvxItemBinder\MvxItemBinder.csproj", "{89386177-96C1-46CB-A728-1BBA5B70796F}"
EndProject
Project("{2150E333-8FDC-42A3-9474-1A3956D46DE8}") = "MvxItemBinder.Sample", "MvxItemBinder.Sample", "{386B0C8D-D5F8-4E7B-AFC3-5B52882229E8}"
EndProject
Project("{FAE04EC0-301F-11D3-BF4B-00C04F79EFBC}") = "MvxItemBinder.Sample.Core", "MvxItemBinder.Sample\MvxItemBinder.Sample.Core\MvxItemBinder.Sample.Core.csproj", "{493E7323-11CC-4167-9CF2-27C91467C487}"
EndProject
Project("{FAE04EC0-301F-11D3-BF4B-00C04F79EFBC}") = "MvxItemBinder.Sample.Android", "MvxItemBinder.Sample\MvxItemBinder.Sample.Android\MvxItemBinder.Sample.Android.csproj", "{9A5C3269-69CE-4809-B2D0-4A35148C3BA6}"
EndProject
Global
	GlobalSection(SolutionConfigurationPlatforms) = preSolution
		Debug|Any CPU = Debug|Any CPU
		Release|Any CPU = Release|Any CPU
	EndGlobalSection
	GlobalSection(ProjectConfigurationPlatforms) = postSolution
		{89386177-96C1-46CB-A728-1BBA5B70796F}.Debug|Any CPU.ActiveCfg = Debug|Any CPU
		{89386177-96C1-46CB-A728-1BBA5B70796F}.Debug|Any CPU.Build.0 = Debug|Any CPU
		{89386177-96C1-46CB-A728-1BBA5B70796F}.Release|Any CPU.ActiveCfg = Release|Any CPU
		{89386177-96C1-46CB-A728-1BBA5B70796F}.Release|Any CPU.Build.0 = Release|Any CPU
		{493E7323-11CC-4167-9CF2-27C91467C487}.Debug|Any CPU.ActiveCfg = Debug|Any CPU
		{493E7323-11CC-4167-9CF2-27C91467C487}.Debug|Any CPU.Build.0 = Debug|Any CPU
		{493E7323-11CC-4167-9CF2-27C91467C487}.Release|Any CPU.ActiveCfg = Release|Any CPU
		{493E7323-11CC-4167-9CF2-27C91467C487}.Release|Any CPU.Build.0 = Release|Any CPU
		{9A5C3269-69CE-4809-B2D0-4A35148C3BA6}.Debug|Any CPU.ActiveCfg = Debug|Any CPU
		{9A5C3269-69CE-4809-B2D0-4A35148C3BA6}.Debug|Any CPU.Build.0 = Debug|Any CPU
		{9A5C3269-69CE-4809-B2D0-4A35148C3BA6}.Debug|Any CPU.Deploy.0 = Debug|Any CPU
		{9A5C3269-69CE-4809-B2D0-4A35148C3BA6}.Release|Any CPU.ActiveCfg = Release|Any CPU
		{9A5C3269-69CE-4809-B2D0-4A35148C3BA6}.Release|Any CPU.Build.0 = Release|Any CPU
		{9A5C3269-69CE-4809-B2D0-4A35148C3BA6}.Release|Any CPU.Deploy.0 = Release|Any CPU
	EndGlobalSection
	GlobalSection(SolutionProperties) = preSolution
		HideSolutionNode = FALSE
	EndGlobalSection
	GlobalSection(NestedProjects) = preSolution
		{493E7323-11CC-4167-9CF2-27C91467C487} = {386B0C8D-D5F8-4E7B-AFC3-5B52882229E8}
		{9A5C3269-69CE-4809-B2D0-4A35148C3BA6} = {386B0C8D-D5F8-4E7B-AFC3-5B52882229E8}
	EndGlobalSection
EndGlobal
